
Microsoft Visual Studio Solution File, Format Version 12.00
# Visual Studio Version 16
VisualStudioVersion = 16.0.32929.386
MinimumVisualStudioVersion = 10.0.40219.1
Project("{FAE04EC0-301F-11D3-BF4B-00C04F79EFBC}") = "ASS_API", "ASS_API\ASS_API.csproj", "{123A4432-DC2E-4473-AF63-6A1725528215}"
EndProject
Global
	GlobalSection(SolutionConfigurationPlatforms) = preSolution
		Debug|Any CPU = Debug|Any CPU
		Release|Any CPU = Release|Any CPU
	EndGlobalSection
	GlobalSection(ProjectConfigurationPlatforms) = postSolution
		{123A4432-DC2E-4473-AF63-6A1725528215}.Debug|Any CPU.ActiveCfg = Debug|Any CPU
		{123A4432-DC2E-4473-AF63-6A1725528215}.Debug|Any CPU.Build.0 = Debug|Any CPU
		{123A4432-DC2E-4473-AF63-6A1725528215}.Release|Any CPU.ActiveCfg = Release|Any CPU
		{123A4432-DC2E-4473-AF63-6A1725528215}.Release|Any CPU.Build.0 = Release|Any CPU
	EndGlobalSection
	GlobalSection(SolutionProperties) = preSolution
		HideSolutionNode = FALSE
	EndGlobalSection
	GlobalSection(ExtensibilityGlobals) = postSolution
		SolutionGuid = {42A71E8D-5077-4DDC-A703-24D2789961A8}
	EndGlobalSection
EndGlobal
